
Microsoft Visual Studio Solution File, Format Version 12.00
# Visual Studio Version 16
VisualStudioVersion = 16.0.31727.386
MinimumVisualStudioVersion = 10.0.40219.1
Project("{9A19103F-16F7-4668-BE54-9A1E7A4F7556}") = "CursoMVC", "CursoMVC\CursoMVC.csproj", "{DBAD1183-5599-4EC4-8BF1-AB4CF39AAAC8}"
EndProject
Project("{9A19103F-16F7-4668-BE54-9A1E7A4F7556}") = "CursoApi", "CursoApi\CursoApi.csproj", "{494EDDC4-CA11-460A-93FA-6090B8BED622}"
EndProject
Project("{9A19103F-16F7-4668-BE54-9A1E7A4F7556}") = "CursoTest", "CursoTest\CursoTest.csproj", "{8B3EC236-84DC-4807-BBB2-6EC9EE8C2398}"
EndProject
Project("{2150E333-8FDC-42A3-9474-1A3956D46DE8}") = "Solution Items", "Solution Items", "{ED0BAE14-329B-4C83-AACE-4E602A3FCAFD}"
	ProjectSection(SolutionItems) = preProject
		.editorconfig = .editorconfig
	EndProjectSection
EndProject
Global
	GlobalSection(SolutionConfigurationPlatforms) = preSolution
		Debug|Any CPU = Debug|Any CPU
		Release|Any CPU = Release|Any CPU
	EndGlobalSection
	GlobalSection(ProjectConfigurationPlatforms) = postSolution
		{DBAD1183-5599-4EC4-8BF1-AB4CF39AAAC8}.Debug|Any CPU.ActiveCfg = Debug|Any CPU
		{DBAD1183-5599-4EC4-8BF1-AB4CF39AAAC8}.Debug|Any CPU.Build.0 = Debug|Any CPU
		{DBAD1183-5599-4EC4-8BF1-AB4CF39AAAC8}.Release|Any CPU.ActiveCfg = Release|Any CPU
		{DBAD1183-5599-4EC4-8BF1-AB4CF39AAAC8}.Release|Any CPU.Build.0 = Release|Any CPU
		{494EDDC4-CA11-460A-93FA-6090B8BED622}.Debug|Any CPU.ActiveCfg = Debug|Any CPU
		{494EDDC4-CA11-460A-93FA-6090B8BED622}.Debug|Any CPU.Build.0 = Debug|Any CPU
		{494EDDC4-CA11-460A-93FA-6090B8BED622}.Release|Any CPU.ActiveCfg = Release|Any CPU
		{494EDDC4-CA11-460A-93FA-6090B8BED622}.Release|Any CPU.Build.0 = Release|Any CPU
		{8B3EC236-84DC-4807-BBB2-6EC9EE8C2398}.Debug|Any CPU.ActiveCfg = Debug|Any CPU
		{8B3EC236-84DC-4807-BBB2-6EC9EE8C2398}.Debug|Any CPU.Build.0 = Debug|Any CPU
		{8B3EC236-84DC-4807-BBB2-6EC9EE8C2398}.Release|Any CPU.ActiveCfg = Release|Any CPU
		{8B3EC236-84DC-4807-BBB2-6EC9EE8C2398}.Release|Any CPU.Build.0 = Release|Any CPU
	EndGlobalSection
	GlobalSection(SolutionProperties) = preSolution
		HideSolutionNode = FALSE
	EndGlobalSection
	GlobalSection(ExtensibilityGlobals) = postSolution
		SolutionGuid = {2573EF09-D051-4FA1-91AA-6DDA19531F5E}
	EndGlobalSection
EndGlobal
